# THIS IS AN AUTOGENERATED FILE. DO NOT EDIT THIS FILE DIRECTLY.
# yarn lockfile v1


color-convert@^1.9.3:
  version "1.9.3"
  resolved "https://registry.yarnpkg.com/color-convert/-/color-convert-1.9.3.tgz#bb71850690e1f136567de629d2d5471deda4c1e8"
  integrity sha512-QfAUtd+vFdAtFQcC8CCyYt1fYWxSqAiK2cSD6zDB8N3cpsEBAvRxp9zOGg6G/SHHJYAT88/az/IuDGALsNVbGg==
  dependencies:
    color-name "1.1.3"

color-name@1.1.3:
  version "1.1.3"
  resolved "https://registry.yarnpkg.com/color-name/-/color-name-1.1.3.tgz#a7d0558bd89c42f795dd42328f740831ca53bc25"
  integrity sha512-72fSenhMw2HZMTVHeCA9KCmpEIbzWiQsjN+BHcBbS9vr1mtt+vJjPdksIBNUmKAW8TFUDPJK5SUU3QhE9NEXDw==

color-name@^1.0.0:
  version "1.1.1"
  resolved "https://registry.yarnpkg.com/color-name/-/color-name-1.1.1.tgz#4b1415304cf50028ea81643643bd82ea05803689"

color-string@^1.6.0:
  version "1.9.1"
  resolved "https://registry.yarnpkg.com/color-string/-/color-string-1.9.1.tgz#4467f9146f036f855b764dfb5bf8582bf342c7a4"
  integrity sha512-shrVawQFojnZv6xM40anx4CkoDP+fZsw/ZerEMsW/pyzsRbElpsL/DBVW7q3ExxwusdNXI3lXpuhEZkzs8p5Eg==
  dependencies:
    color-name "^1.0.0"
    simple-swizzle "^0.2.2"

color@^3.0.0:
  version "3.2.1"
  resolved "https://registry.yarnpkg.com/color/-/color-3.2.1.tgz#3544dc198caf4490c3ecc9a790b54fe9ff45e164"
  integrity sha512-aBl7dZI9ENN6fUGC7mWpMTPNHmWUSNan9tuWN6ahh5ZLNk9baLJOnSMlrQkHcrfFgz2/RigjUVAjdx36VcemKA==
  dependencies:
    color-convert "^1.9.3"
    color-string "^1.6.0"

is-arrayish@^0.3.1:
  version "0.3.2"
  resolved "https://registry.yarnpkg.com/is-arrayish/-/is-arrayish-0.3.2.tgz#4574a2ae56f7ab206896fb431eaeed066fdf8f03"
  integrity sha512-eVRqCvVlZbuw3GrM63ovNSNAeA1K16kaR/LRY/92w0zxQ5/1YzwblUX652i4Xs9RwAGjW9d9y6X88t8OaAJfWQ==

minimist@0.0.8:
  version "0.0.8"
  resolved "https://registry.yarnpkg.com/minimist/-/minimist-0.0.8.tgz#857fcabfc3397d2625b8228262e86aa7a011b05d"

minimist@^1.2.0:
  version "1.2.0"
  resolved "https://registry.yarnpkg.com/minimist/-/minimist-1.2.0.tgz#a35008b20f41383eec1fb914f4cd5df79a264284"

mkdirp-promise@^5.0.1:
  version "5.0.1"
  resolved "https://registry.yarnpkg.com/mkdirp-promise/-/mkdirp-promise-5.0.1.tgz#e9b8f68e552c68a9c1713b84883f7a1dd039b8a1"
  dependencies:
    mkdirp "*"

mkdirp@*:
  version "0.5.1"
  resolved "https://registry.yarnpkg.com/mkdirp/-/mkdirp-0.5.1.tgz#30057438eac6cf7f8c4767f38648d6697d75c903"
  dependencies:
    minimist "0.0.8"

pn@^1.0.0:
  version "1.0.0"
  resolved "https://registry.yarnpkg.com/pn/-/pn-1.0.0.tgz#1cf5a30b0d806cd18f88fc41a6b5d4ad615b3ba9"

simple-swizzle@^0.2.2:
  version "0.2.2"
  resolved "https://registry.yarnpkg.com/simple-swizzle/-/simple-swizzle-0.2.2.tgz#a4da6b635ffcccca33f70d17cb92592de95e557a"
  integrity sha512-JA//kQgZtbuY83m+xT+tXJkmJncGMTFT+C+g2h2R9uxkYIrE2yy9sgmcLhCnw57/WSD+Eh3J97FPEDFnbXnDUg==
  dependencies:
    is-arrayish "^0.3.1"

themer-hyper@^3.1.1:
  version "3.1.1"
  resolved "https://registry.yarnpkg.com/themer-hyper/-/themer-hyper-3.1.1.tgz#474cc3bb29b4900c6db683cda3849fa81285a361"
  integrity sha512-exrGanYc9AOLFVyhjPp1/IwMIvhGIfrmg+cGQ3ARfe+Pl8QsEYV6M28575sZeeXQyg7PLv6mlXmSInNGG5/0xQ==
  dependencies:
    color "^3.0.0"

themer@2.0.0:
  version "2.0.0"
  resolved "https://registry.yarnpkg.com/themer/-/themer-2.0.0.tgz#47ebac19913f7cabda14dcea7efb1b7907d3c6ae"
  dependencies:
    minimist "^1.2.0"
    mkdirp-promise "^5.0.1"
    pn "^1.0.0"
