# THIS IS AN AUTOGENERATED FILE. DO NOT EDIT THIS FILE DIRECTLY.
# yarn lockfile v1


"max-safe-integer@https://github.com/sindresorhus/max-safe-integer.git":
  version "1.0.1"
  resolved "https://github.com/sindresorhus/max-safe-integer.git#eef7c83a74aaef9da40adddffbb46b019560837a"

yarn@1.22.13:
  version "1.22.13"
  resolved "https://registry.yarnpkg.com/yarn/-/yarn-1.22.13.tgz#8789ef23b630fe99b819b044f4b7b93ab1bc1b8f"
  integrity sha512-G8qG4t7Ef5cLVpzbM3HWWsow4hpfeSCfKtMnjfERmp9V5qSCOKz0uGAIQCM/x3gWfCzH8Bvb4hl3ZfhG/XD1Jg==
