# THIS IS AN AUTOGENERATED FILE. DO NOT EDIT THIS FILE DIRECTLY.
# yarn lockfile v1


"@angular-mdl/core@^4.0.0":
  version "4.0.0"
  resolved "https://registry.yarnpkg.com/@angular-mdl/core/-/core-4.0.0.tgz#9415a3340cbeeac01739e5777971fec307b13c17"

"@angular/core@^11.0.5":
  version "11.2.14"
  resolved "https://registry.yarnpkg.com/@angular/core/-/core-11.2.14.tgz#3ebe298c79d5413dc670d56b7f503bd4d788d4a8"
  integrity sha512-vpR4XqBGitk1Faph37CSpemwIYTmJ3pdIVNoHKP6jLonpWu+0azkchf0f7oD8/2ivj2F81opcIw0tcsy/D/5Vg==
  dependencies:
    tslib "^2.0.0"

left-pad@^1.0.0:
  version "1.0.0"
  resolved "https://registry.yarnpkg.com/left-pad/-/left-pad-1.0.0.tgz#c84e2417581bbb8eaf2b9e3d7a122e572ab1af37"

tslib@^2.0.0:
  version "2.4.0"
  resolved "https://registry.yarnpkg.com/tslib/-/tslib-2.4.0.tgz#7cecaa7f073ce680a05847aa77be941098f36dc3"
  integrity sha512-d6xOpEDfsi2CZVlPQzGeux8XMwLT9hssAsaPYExaQMuYskwb+x1x7J371tWlbBdWHroy99KnVB6qIkUbs5X3UQ==
